// !$*UTF8*$!
{
	archiveVersion = 1;
	classes = {
	};
	objectVersion = 50;
	objects = {

/* Begin PBXBuildFile section */
		B0571EE92249F86E00436FD2 /* EUExFaceID.m in Sources */ = {isa = PBXBuildFile; fileRef = B0571EE82249F86E00436FD2 /* EUExFaceID.m */; };
		B0571EF22249F93A00436FD2 /* LAContextManager.m in Sources */ = {isa = PBXBuildFile; fileRef = B0571EF12249F93A00436FD2 /* LAContextManager.m */; };
		B0571EF42249F9F200436FD2 /* AppCanKit.framework in Frameworks */ = {isa = PBXBuildFile; fileRef = B0571EF32249F9F200436FD2 /* AppCanKit.framework */; };
/* End PBXBuildFile section */

/* Begin PBXCopyFilesBuildPhase section */
		B0571EE22249F86E00436FD2 /* CopyFiles */ = {
			isa = PBXCopyFilesBuildPhase;
			buildActionMask = 2147483647;
			dstPath = "";
			dstSubfolderSpec = 16;
			files = (
			);
			runOnlyForDeploymentPostprocessing = 0;
		};
/* End PBXCopyFilesBuildPhase section */

/* Begin PBXFileReference section */
		B0571EE42249F86E00436FD2 /* libEUExFaceID.a */ = {isa = PBXFileReference; explicitFileType = archive.ar; includeInIndex = 0; path = libEUExFaceID.a; sourceTree = BUILT_PRODUCTS_DIR; };
		B0571EE72249F86E00436FD2 /* EUExFaceID.h */ = {isa = PBXFileReference; lastKnownFileType = sourcecode.c.h; path = EUExFaceID.h; sourceTree = "<group>"; };
		B0571EE82249F86E00436FD2 /* EUExFaceID.m */ = {isa = PBXFileReference; lastKnownFileType = sourcecode.c.objc; path = EUExFaceID.m; sourceTree = "<group>"; };
		B0571EF02249F93A00436FD2 /* LAContextManager.h */ = {isa = PBXFileReference; lastKnownFileType = sourcecode.c.h; path = LAContextManager.h; sourceTree = "<group>"; };
		B0571EF12249F93A00436FD2 /* LAContextManager.m */ = {isa = PBXFileReference; lastKnownFileType = sourcecode.c.objc; path = LAContextManager.m; sourceTree = "<group>"; };
		B0571EF32249F9F200436FD2 /* AppCanKit.framework */ = {isa = PBXFileReference; lastKnownFileType = wrapper.framework; path = AppCanKit.framework; sourceTree = "<group>"; };
/* End PBXFileReference section */

/* Begin PBXFrameworksBuildPhase section */
		B0571EE12249F86E00436FD2 /* Frameworks */ = {
			isa = PBXFrameworksBuildPhase;
			buildActionMask = 2147483647;
			files = (
				B0571EF42249F9F200436FD2 /* AppCanKit.framework in Frameworks */,
			);
			runOnlyForDeploymentPostprocessing = 0;
		};
/* End PBXFrameworksBuildPhase section */

/* Begin PBXGroup section */
		B0571EDB2249F86E00436FD2 = {
			isa = PBXGroup;
			children = (
				B0571EE62249F86E00436FD2 /* EUExFaceID */,
				B0571EE52249F86E00436FD2 /* Products */,
			);
			sourceTree = "<group>";
		};
		B0571EE52249F86E00436FD2 /* Products */ = {
			isa = PBXGroup;
			children = (
				B0571EE42249F86E00436FD2 /* libEUExFaceID.a */,
			);
			name = Products;
			sourceTree = "<group>";
		};
		B0571EE62249F86E00436FD2 /* EUExFaceID */ = {
			isa = PBXGroup;
			children = (
				B0571EF32249F9F200436FD2 /* AppCanKit.framework */,
				B0571EE72249F86E00436FD2 /* EUExFaceID.h */,
				B0571EE82249F86E00436FD2 /* EUExFaceID.m */,
				B0571EF02249F93A00436FD2 /* LAContextManager.h */,
				B0571EF12249F93A00436FD2 /* LAContextManager.m */,
			);
			path = EUExFaceID;
			sourceTree = "<group>";
		};
/* End PBXGroup section */

/* Begin PBXNativeTarget section */
		B0571EE32249F86E00436FD2 /* EUExFaceID */ = {
			isa = PBXNativeTarget;
			buildConfigurationList = B0571EED2249F86E00436FD2 /* Build configuration list for PBXNativeTarget "EUExFaceID" */;
			buildPhases = (
				B0571EE02249F86E00436FD2 /* Sources */,
				B0571EE12249F86E00436FD2 /* Frameworks */,
				B0571EE22249F86E00436FD2 /* CopyFiles */,
			);
			buildRules = (
			);
			dependencies = (
			);
			name = EUExFaceID;
			productName = EUExFaceID;
			productReference = B0571EE42249F86E00436FD2 /* libEUExFaceID.a */;
			productType = "com.apple.product-type.library.static";
		};
/* End PBXNativeTarget section */

/* Begin PBXProject section */
		B0571EDC2249F86E00436FD2 /* Project object */ = {
			isa = PBXProject;
			attributes = {
				LastUpgradeCheck = 1000;
				ORGANIZATIONNAME = songxingjie;
				TargetAttributes = {
					B0571EE32249F86E00436FD2 = {
						CreatedOnToolsVersion = 10.0;
					};
				};
			};
			buildConfigurationList = B0571EDF2249F86E00436FD2 /* Build configuration list for PBXProject "EUExFaceID" */;
			compatibilityVersion = "Xcode 9.3";
			developmentRegion = en;
			hasScannedForEncodings = 0;
			knownRegions = (
				en,
			);
			mainGroup = B0571EDB2249F86E00436FD2;
			productRefGroup = B0571EE52249F86E00436FD2 /* Products */;
			projectDirPath = "";
			projectRoot = "";
			targets = (
				B0571EE32249F86E00436FD2 /* EUExFaceID */,
			);
		};
/* End PBXProject section */

/* Begin PBXSourcesBuildPhase section */
		B0571EE02249F86E00436FD2 /* Sources */ = {
			isa = PBXSourcesBuildPhase;
			buildActionMask = 2147483647;
			files = (
				B0571EF22249F93A00436FD2 /* LAContextManager.m in Sources */,
				B0571EE92249F86E00436FD2 /* EUExFaceID.m in Sources */,
			);
			runOnlyForDeploymentPostprocessing = 0;
		};
/* End PBXSourcesBuildPhase section */

/* Begin XCBuildConfiguration section */
		B0571EEB2249F86E00436FD2 /* Debug */ = {
			isa = XCBuildConfiguration;
			buildSettings = {
				ALWAYS_SEARCH_USER_PATHS = NO;
				CLANG_ANALYZER_NONNULL = YES;
				CLANG_ANALYZER_NUMBER_OBJECT_CONVERSION = YES_AGGRESSIVE;
				CLANG_CXX_LANGUAGE_STANDARD = "gnu++14";
				CLANG_CXX_LIBRARY = "libc++";
				CLANG_ENABLE_MODULES = YES;
				CLANG_ENABLE_OBJC_ARC = YES;
				CLANG_ENABLE_OBJC_WEAK = YES;
				CLANG_WARN_BLOCK_CAPTURE_AUTORELEASING = YES;
				CLANG_WARN_BOOL_CONVERSION = YES;
				CLANG_WARN_COMMA = YES;
				CLANG_WARN_CONSTANT_CONVERSION = YES;
				CLANG_WARN_DEPRECATED_OBJC_IMPLEMENTATIONS = YES;
				CLANG_WARN_DIRECT_OBJC_ISA_USAGE = YES_ERROR;
				CLANG_WARN_DOCUMENTATION_COMMENTS = YES;
				CLANG_WARN_EMPTY_BODY = YES;
				CLANG_WARN_ENUM_CONVERSION = YES;
				CLANG_WARN_INFINITE_RECURSION = YES;
				CLANG_WARN_INT_CONVERSION = YES;
				CLANG_WARN_NON_LITERAL_NULL_CONVERSION = YES;
				CLANG_WARN_OBJC_IMPLICIT_RETAIN_SELF = YES;
				CLANG_WARN_OBJC_LITERAL_CONVERSION = YES;
				CLANG_WARN_OBJC_ROOT_CLASS = YES_ERROR;
				CLANG_WARN_RANGE_LOOP_ANALYSIS = YES;
				CLANG_WARN_STRICT_PROTOTYPES = YES;
				CLANG_WARN_SUSPICIOUS_MOVE = YES;
				CLANG_WARN_UNGUARDED_AVAILABILITY = YES_AGGRESSIVE;
				CLANG_WARN_UNREACHABLE_CODE = YES;
				CLANG_WARN__DUPLICATE_METHOD_MATCH = YES;
				CODE_SIGN_IDENTITY = "iPhone Developer";
				COPY_PHASE_STRIP = NO;
				DEBUG_INFORMATION_FORMAT = dwarf;
				ENABLE_STRICT_OBJC_MSGSEND = YES;
				ENABLE_TESTABILITY = YES;
				GCC_C_LANGUAGE_STANDARD = gnu11;
				GCC_DYNAMIC_NO_PIC = NO;
				GCC_NO_COMMON_BLOCKS = YES;
				GCC_OPTIMIZATION_LEVEL = 0;
				GCC_PREPROCESSOR_DEFINITIONS = (
					"DEBUG=1",
					"$(inherited)",
				);
				GCC_WARN_64_TO_32_BIT_CONVERSION = YES;
				GCC_WARN_ABOUT_RETURN_TYPE = YES_ERROR;
				GCC_WARN_UNDECLARED_SELECTOR = YES;
				GCC_WARN_UNINITIALIZED_AUTOS = YES_AGGRESSIVE;
				GCC_WARN_UNUSED_FUNCTION = YES;
				GCC_WARN_UNUSED_VARIABLE = YES;
				IPHONEOS_DEPLOYMENT_TARGET = 12.0;
				MTL_ENABLE_DEBUG_INFO = INCLUDE_SOURCE;
				MTL_FAST_MATH = YES;
				ONLY_ACTIVE_ARCH = YES;
				SDKROOT = iphoneos;
			};
			name = Debug;
		};
		B0571EEC2249F86E00436FD2 /* Release */ = {
			isa = XCBuildConfiguration;
			buildSettings = {
				ALWAYS_SEARCH_USER_PATHS = NO;
				CLANG_ANALYZER_NONNULL = YES;
				CLANG_ANALYZER_NUMBER_OBJECT_CONVERSION = YES_AGGRESSIVE;
				CLANG_CXX_LANGUAGE_STANDARD = "gnu++14";
				CLANG_CXX_LIBRARY = "libc++";
				CLANG_ENABLE_MODULES = YES;
				CLANG_ENABLE_OBJC_ARC = YES;
				CLANG_ENABLE_OBJC_WEAK = YES;
				CLANG_WARN_BLOCK_CAPTURE_AUTORELEASING = YES;
				CLANG_WARN_BOOL_CONVERSION = YES;
				CLANG_WARN_COMMA = YES;
				CLANG_WARN_CONSTANT_CONVERSION = YES;
				CLANG_WARN_DEPRECATED_OBJC_IMPLEMENTATIONS = YES;
				CLANG_WARN_DIRECT_OBJC_ISA_USAGE = YES_ERROR;
				CLANG_WARN_DOCUMENTATION_COMMENTS = YES;
				CLANG_WARN_EMPTY_BODY = YES;
				CLANG_WARN_ENUM_CONVERSION = YES;
				CLANG_WARN_INFINITE_RECURSION = YES;
				CLANG_WARN_INT_CONVERSION = YES;
				CLANG_WARN_NON_LITERAL_NULL_CONVERSION = YES;
				CLANG_WARN_OBJC_IMPLICIT_RETAIN_SELF = YES;
				CLANG_WARN_OBJC_LITERAL_CONVERSION = YES;
				CLANG_WARN_OBJC_ROOT_CLASS = YES_ERROR;
				CLANG_WARN_RANGE_LOOP_ANALYSIS = YES;
				CLANG_WARN_STRICT_PROTOTYPES = YES;
				CLANG_WARN_SUSPICIOUS_MOVE = YES;
				CLANG_WARN_UNGUARDED_AVAILABILITY = YES_AGGRESSIVE;
				CLANG_WARN_UNREACHABLE_CODE = YES;
				CLANG_WARN__DUPLICATE_METHOD_MATCH = YES;
				CODE_SIGN_IDENTITY = "iPhone Developer";
				COPY_PHASE_STRIP = NO;
				DEBUG_INFORMATION_FORMAT = "dwarf-with-dsym";
				ENABLE_NS_ASSERTIONS = NO;
				ENABLE_STRICT_OBJC_MSGSEND = YES;
				GCC_C_LANGUAGE_STANDARD = gnu11;
				GCC_NO_COMMON_BLOCKS = YES;
				GCC_WARN_64_TO_32_BIT_CONVERSION = YES;
				GCC_WARN_ABOUT_RETURN_TYPE = YES_ERROR;
				GCC_WARN_UNDECLARED_SELECTOR = YES;
				GCC_WARN_UNINITIALIZED_AUTOS = YES_AGGRESSIVE;
				GCC_WARN_UNUSED_FUNCTION = YES;
				GCC_WARN_UNUSED_VARIABLE = YES;
				IPHONEOS_DEPLOYMENT_TARGET = 12.0;
				MTL_ENABLE_DEBUG_INFO = NO;
				MTL_FAST_MATH = YES;
				SDKROOT = iphoneos;
				VALIDATE_PRODUCT = YES;
			};
			name = Release;
		};
		B0571EEE2249F86E00436FD2 /* Debug */ = {
			isa = XCBuildConfiguration;
			buildSettings = {
				CODE_SIGN_STYLE = Automatic;
				CONFIGURATION_BUILD_DIR = $SRCROOT/uexFaceID;
				FRAMEWORK_SEARCH_PATHS = (
					"$(inherited)",
					"$(PROJECT_DIR)/EUExFaceID",
				);
				OTHER_LDFLAGS = "-ObjC";
				PRODUCT_NAME = "$(TARGET_NAME)";
				SKIP_INSTALL = YES;
				TARGETED_DEVICE_FAMILY = "1,2";
			};
			name = Debug;
		};
		B0571EEF2249F86E00436FD2 /* Release */ = {
			isa = XCBuildConfiguration;
			buildSettings = {
				CODE_SIGN_STYLE = Automatic;
				CONFIGURATION_BUILD_DIR = $SRCROOT/uexFaceID;
				FRAMEWORK_SEARCH_PATHS = (
					"$(inherited)",
					"$(PROJECT_DIR)/EUExFaceID",
				);
				OTHER_LDFLAGS = "-ObjC";
				PRODUCT_NAME = "$(TARGET_NAME)";
				SKIP_INSTALL = YES;
				TARGETED_DEVICE_FAMILY = "1,2";
			};
			name = Release;
		};
/* End XCBuildConfiguration section */

/* Begin XCConfigurationList section */
		B0571EDF2249F86E00436FD2 /* Build configuration list for PBXProject "EUExFaceID" */ = {
			isa = XCConfigurationList;
			buildConfigurations = (
				B0571EEB2249F86E00436FD2 /* Debug */,
				B0571EEC2249F86E00436FD2 /* Release */,
			);
			defaultConfigurationIsVisible = 0;
			defaultConfigurationName = Release;
		};
		B0571EED2249F86E00436FD2 /* Build configuration list for PBXNativeTarget "EUExFaceID" */ = {
			isa = XCConfigurationList;
			buildConfigurations = (
				B0571EEE2249F86E00436FD2 /* Debug */,
				B0571EEF2249F86E00436FD2 /* Release */,
			);
			defaultConfigurationIsVisible = 0;
			defaultConfigurationName = Release;
		};
/* End XCConfigurationList section */
	};
	rootObject = B0571EDC2249F86E00436FD2 /* Project object */;
}
